
Microsoft Visual Studio Solution File, Format Version 12.00
# Visual Studio Version 16
VisualStudioVersion = 16.0.29806.167
MinimumVisualStudioVersion = 10.0.40219.1
Project("{FAE04EC0-301F-11D3-BF4B-00C04F79EFBC}") = "PetCRWeb", "PetCRWeb.csproj", "{C1D1051C-306A-4B3D-86E8-B567B0222ADA}"
	ProjectSection(ProjectDependencies) = postProject
		{0D5DA319-4F1B-4D99-8C72-6734BC1FBFEC} = {0D5DA319-4F1B-4D99-8C72-6734BC1FBFEC}
		{121EB1CF-46D1-45BE-B96C-49358581EFFD} = {121EB1CF-46D1-45BE-B96C-49358581EFFD}
	EndProjectSection
EndProject
Project("{FAE04EC0-301F-11D3-BF4B-00C04F79EFBC}") = "PetCRWEB.BLL", "..\PetCRWEB.BLL\PetCRWEB.BLL.csproj", "{121EB1CF-46D1-45BE-B96C-49358581EFFD}"
	ProjectSection(ProjectDependencies) = postProject
		{880E7403-214B-4E0E-8837-9F53713A175C} = {880E7403-214B-4E0E-8837-9F53713A175C}
		{0D5DA319-4F1B-4D99-8C72-6734BC1FBFEC} = {0D5DA319-4F1B-4D99-8C72-6734BC1FBFEC}
	EndProjectSection
EndProject
Project("{FAE04EC0-301F-11D3-BF4B-00C04F79EFBC}") = "PetCRWEB.DAL", "..\PetCRWEB.DAL\PetCRWEB.DAL.csproj", "{880E7403-214B-4E0E-8837-9F53713A175C}"
	ProjectSection(ProjectDependencies) = postProject
		{0D5DA319-4F1B-4D99-8C72-6734BC1FBFEC} = {0D5DA319-4F1B-4D99-8C72-6734BC1FBFEC}
	EndProjectSection
EndProject
Project("{FAE04EC0-301F-11D3-BF4B-00C04F79EFBC}") = "PetCRWEB.ETL", "..\PetCRWEB.ETL\PetCRWEB.ETL.csproj", "{0D5DA319-4F1B-4D99-8C72-6734BC1FBFEC}"
EndProject
Global
	GlobalSection(SolutionConfigurationPlatforms) = preSolution
		Debug|Any CPU = Debug|Any CPU
		Release|Any CPU = Release|Any CPU
	EndGlobalSection
	GlobalSection(ProjectConfigurationPlatforms) = postSolution
		{C1D1051C-306A-4B3D-86E8-B567B0222ADA}.Debug|Any CPU.ActiveCfg = Debug|Any CPU
		{C1D1051C-306A-4B3D-86E8-B567B0222ADA}.Debug|Any CPU.Build.0 = Debug|Any CPU
		{C1D1051C-306A-4B3D-86E8-B567B0222ADA}.Release|Any CPU.ActiveCfg = Release|Any CPU
		{C1D1051C-306A-4B3D-86E8-B567B0222ADA}.Release|Any CPU.Build.0 = Release|Any CPU
		{121EB1CF-46D1-45BE-B96C-49358581EFFD}.Debug|Any CPU.ActiveCfg = Debug|Any CPU
		{121EB1CF-46D1-45BE-B96C-49358581EFFD}.Debug|Any CPU.Build.0 = Debug|Any CPU
		{121EB1CF-46D1-45BE-B96C-49358581EFFD}.Release|Any CPU.ActiveCfg = Release|Any CPU
		{121EB1CF-46D1-45BE-B96C-49358581EFFD}.Release|Any CPU.Build.0 = Release|Any CPU
		{880E7403-214B-4E0E-8837-9F53713A175C}.Debug|Any CPU.ActiveCfg = Debug|Any CPU
		{880E7403-214B-4E0E-8837-9F53713A175C}.Debug|Any CPU.Build.0 = Debug|Any CPU
		{880E7403-214B-4E0E-8837-9F53713A175C}.Release|Any CPU.ActiveCfg = Release|Any CPU
		{880E7403-214B-4E0E-8837-9F53713A175C}.Release|Any CPU.Build.0 = Release|Any CPU
		{0D5DA319-4F1B-4D99-8C72-6734BC1FBFEC}.Debug|Any CPU.ActiveCfg = Debug|Any CPU
		{0D5DA319-4F1B-4D99-8C72-6734BC1FBFEC}.Debug|Any CPU.Build.0 = Debug|Any CPU
		{0D5DA319-4F1B-4D99-8C72-6734BC1FBFEC}.Release|Any CPU.ActiveCfg = Release|Any CPU
		{0D5DA319-4F1B-4D99-8C72-6734BC1FBFEC}.Release|Any CPU.Build.0 = Release|Any CPU
	EndGlobalSection
	GlobalSection(SolutionProperties) = preSolution
		HideSolutionNode = FALSE
	EndGlobalSection
	GlobalSection(ExtensibilityGlobals) = postSolution
		SolutionGuid = {97DCEF22-9458-48C8-8A89-F43961F67D2E}
	EndGlobalSection
EndGlobal
